
Microsoft Visual Studio Solution File, Format Version 12.00
# Visual Studio Version 17
VisualStudioVersion = 17.5.33516.290
MinimumVisualStudioVersion = 10.0.40219.1
Project("{8BC9CEB8-8B4A-11D0-8D11-00A0C91BC942}") = "enecle_1", "enecle_1.vcxproj", "{3AF19F80-E710-4599-9A64-E960E774FDAE}"
EndProject
Global
	GlobalSection(SolutionConfigurationPlatforms) = preSolution
		Debug|x64 = Debug|x64
		Release|x64 = Release|x64
	EndGlobalSection
	GlobalSection(ProjectConfigurationPlatforms) = postSolution
		{3AF19F80-E710-4599-9A64-E960E774FDAE}.Debug|x64.ActiveCfg = Debug|x64
		{3AF19F80-E710-4599-9A64-E960E774FDAE}.Debug|x64.Build.0 = Debug|x64
		{3AF19F80-E710-4599-9A64-E960E774FDAE}.Release|x64.ActiveCfg = Release|x64
		{3AF19F80-E710-4599-9A64-E960E774FDAE}.Release|x64.Build.0 = Release|x64
	EndGlobalSection
	GlobalSection(SolutionProperties) = preSolution
		HideSolutionNode = FALSE
	EndGlobalSection
	GlobalSection(ExtensibilityGlobals) = postSolution
		SolutionGuid = {DB351668-A0C8-4CA2-9774-F868888549A4}
	EndGlobalSection
EndGlobal
